
Microsoft Visual Studio Solution File, Format Version 12.00
# Visual Studio 15
VisualStudioVersion = 15.0.28010.2003
MinimumVisualStudioVersion = 10.0.40219.1
Project("{FAE04EC0-301F-11D3-BF4B-00C04F79EFBC}") = "TimePunch-WPF-MVVM", "TimePunch-WPF-MVVM\TimePunch-WPF-MVVM.csproj", "{27A501B0-9B90-4CA4-A5E3-EC4939720B71}"
EndProject
Project("{FAE04EC0-301F-11D3-BF4B-00C04F79EFBC}") = "TimePunch-Universal-MVVM", "TimePunch-Universal-MVVM\TimePunch-Universal-MVVM.csproj", "{B65717F4-24DE-4892-AF81-629D29A2A772}"
EndProject
Project("{2150E333-8FDC-42A3-9474-1A3956D46DE8}") = "Core", "Core", "{1B4BCDF9-3DF9-4BAF-B842-567A9BE08B93}"
EndProject
Project("{2150E333-8FDC-42A3-9474-1A3956D46DE8}") = "Examples", "Examples", "{2579FBE4-4010-4B3B-B4FA-4C968F6C2B15}"
EndProject
Project("{FAE04EC0-301F-11D3-BF4B-00C04F79EFBC}") = "Calculator-MVVM", "Calculator-MVVM\Calculator-MVVM.csproj", "{8EC92B96-918F-49A5-A78F-FAE373DA796F}"
EndProject
Project("{FAE04EC0-301F-11D3-BF4B-00C04F79EFBC}") = "TimePunch-WPF-MVVM-4.5.2", "TimePunch-WPF-MVVM-4.5.2\TimePunch-WPF-MVVM-4.5.2.csproj", "{A39BF13F-D92F-4F07-8DA0-718D50FCCD5F}"
EndProject
Global
	GlobalSection(SolutionConfigurationPlatforms) = preSolution
		Debug|Any CPU = Debug|Any CPU
		Debug|ARM = Debug|ARM
		Debug|x64 = Debug|x64
		Debug|x86 = Debug|x86
		Release|Any CPU = Release|Any CPU
		Release|ARM = Release|ARM
		Release|x64 = Release|x64
		Release|x86 = Release|x86
	EndGlobalSection
	GlobalSection(ProjectConfigurationPlatforms) = postSolution
		{27A501B0-9B90-4CA4-A5E3-EC4939720B71}.Debug|Any CPU.ActiveCfg = Debug|Any CPU
		{27A501B0-9B90-4CA4-A5E3-EC4939720B71}.Debug|Any CPU.Build.0 = Debug|Any CPU
		{27A501B0-9B90-4CA4-A5E3-EC4939720B71}.Debug|ARM.ActiveCfg = Debug|Any CPU
		{27A501B0-9B90-4CA4-A5E3-EC4939720B71}.Debug|ARM.Build.0 = Debug|Any CPU
		{27A501B0-9B90-4CA4-A5E3-EC4939720B71}.Debug|x64.ActiveCfg = Debug|Any CPU
		{27A501B0-9B90-4CA4-A5E3-EC4939720B71}.Debug|x64.Build.0 = Debug|Any CPU
		{27A501B0-9B90-4CA4-A5E3-EC4939720B71}.Debug|x86.ActiveCfg = Debug|Any CPU
		{27A501B0-9B90-4CA4-A5E3-EC4939720B71}.Debug|x86.Build.0 = Debug|Any CPU
		{27A501B0-9B90-4CA4-A5E3-EC4939720B71}.Release|Any CPU.ActiveCfg = Release|Any CPU
		{27A501B0-9B90-4CA4-A5E3-EC4939720B71}.Release|Any CPU.Build.0 = Release|Any CPU
		{27A501B0-9B90-4CA4-A5E3-EC4939720B71}.Release|ARM.ActiveCfg = Release|Any CPU
		{27A501B0-9B90-4CA4-A5E3-EC4939720B71}.Release|ARM.Build.0 = Release|Any CPU
		{27A501B0-9B90-4CA4-A5E3-EC4939720B71}.Release|x64.ActiveCfg = Release|Any CPU
		{27A501B0-9B90-4CA4-A5E3-EC4939720B71}.Release|x64.Build.0 = Release|Any CPU
		{27A501B0-9B90-4CA4-A5E3-EC4939720B71}.Release|x86.ActiveCfg = Release|Any CPU
		{27A501B0-9B90-4CA4-A5E3-EC4939720B71}.Release|x86.Build.0 = Release|Any CPU
		{B65717F4-24DE-4892-AF81-629D29A2A772}.Debug|Any CPU.ActiveCfg = Debug|Any CPU
		{B65717F4-24DE-4892-AF81-629D29A2A772}.Debug|Any CPU.Build.0 = Debug|Any CPU
		{B65717F4-24DE-4892-AF81-629D29A2A772}.Debug|ARM.ActiveCfg = Debug|ARM
		{B65717F4-24DE-4892-AF81-629D29A2A772}.Debug|ARM.Build.0 = Debug|ARM
		{B65717F4-24DE-4892-AF81-629D29A2A772}.Debug|x64.ActiveCfg = Debug|x64
		{B65717F4-24DE-4892-AF81-629D29A2A772}.Debug|x64.Build.0 = Debug|x64
		{B65717F4-24DE-4892-AF81-629D29A2A772}.Debug|x86.ActiveCfg = Debug|x86
		{B65717F4-24DE-4892-AF81-629D29A2A772}.Debug|x86.Build.0 = Debug|x86
		{B65717F4-24DE-4892-AF81-629D29A2A772}.Release|Any CPU.ActiveCfg = Release|Any CPU
		{B65717F4-24DE-4892-AF81-629D29A2A772}.Release|Any CPU.Build.0 = Release|Any CPU
		{B65717F4-24DE-4892-AF81-629D29A2A772}.Release|ARM.ActiveCfg = Release|ARM
		{B65717F4-24DE-4892-AF81-629D29A2A772}.Release|ARM.Build.0 = Release|ARM
		{B65717F4-24DE-4892-AF81-629D29A2A772}.Release|x64.ActiveCfg = Release|x64
		{B65717F4-24DE-4892-AF81-629D29A2A772}.Release|x64.Build.0 = Release|x64
		{B65717F4-24DE-4892-AF81-629D29A2A772}.Release|x86.ActiveCfg = Release|x86
		{B65717F4-24DE-4892-AF81-629D29A2A772}.Release|x86.Build.0 = Release|x86
		{8EC92B96-918F-49A5-A78F-FAE373DA796F}.Debug|Any CPU.ActiveCfg = Debug|x86
		{8EC92B96-918F-49A5-A78F-FAE373DA796F}.Debug|ARM.ActiveCfg = Debug|ARM
		{8EC92B96-918F-49A5-A78F-FAE373DA796F}.Debug|ARM.Build.0 = Debug|ARM
		{8EC92B96-918F-49A5-A78F-FAE373DA796F}.Debug|ARM.Deploy.0 = Debug|ARM
		{8EC92B96-918F-49A5-A78F-FAE373DA796F}.Debug|x64.ActiveCfg = Debug|x64
		{8EC92B96-918F-49A5-A78F-FAE373DA796F}.Debug|x64.Build.0 = Debug|x64
		{8EC92B96-918F-49A5-A78F-FAE373DA796F}.Debug|x64.Deploy.0 = Debug|x64
		{8EC92B96-918F-49A5-A78F-FAE373DA796F}.Debug|x86.ActiveCfg = Debug|x86
		{8EC92B96-918F-49A5-A78F-FAE373DA796F}.Debug|x86.Build.0 = Debug|x86
		{8EC92B96-918F-49A5-A78F-FAE373DA796F}.Debug|x86.Deploy.0 = Debug|x86
		{8EC92B96-918F-49A5-A78F-FAE373DA796F}.Release|Any CPU.ActiveCfg = Release|x86
		{8EC92B96-918F-49A5-A78F-FAE373DA796F}.Release|ARM.ActiveCfg = Release|ARM
		{8EC92B96-918F-49A5-A78F-FAE373DA796F}.Release|ARM.Build.0 = Release|ARM
		{8EC92B96-918F-49A5-A78F-FAE373DA796F}.Release|ARM.Deploy.0 = Release|ARM
		{8EC92B96-918F-49A5-A78F-FAE373DA796F}.Release|x64.ActiveCfg = Release|x64
		{8EC92B96-918F-49A5-A78F-FAE373DA796F}.Release|x64.Build.0 = Release|x64
		{8EC92B96-918F-49A5-A78F-FAE373DA796F}.Release|x64.Deploy.0 = Release|x64
		{8EC92B96-918F-49A5-A78F-FAE373DA796F}.Release|x86.ActiveCfg = Release|x86
		{8EC92B96-918F-49A5-A78F-FAE373DA796F}.Release|x86.Build.0 = Release|x86
		{8EC92B96-918F-49A5-A78F-FAE373DA796F}.Release|x86.Deploy.0 = Release|x86
		{A39BF13F-D92F-4F07-8DA0-718D50FCCD5F}.Debug|Any CPU.ActiveCfg = Debug|Any CPU
		{A39BF13F-D92F-4F07-8DA0-718D50FCCD5F}.Debug|Any CPU.Build.0 = Debug|Any CPU
		{A39BF13F-D92F-4F07-8DA0-718D50FCCD5F}.Debug|ARM.ActiveCfg = Debug|Any CPU
		{A39BF13F-D92F-4F07-8DA0-718D50FCCD5F}.Debug|ARM.Build.0 = Debug|Any CPU
		{A39BF13F-D92F-4F07-8DA0-718D50FCCD5F}.Debug|x64.ActiveCfg = Debug|Any CPU
		{A39BF13F-D92F-4F07-8DA0-718D50FCCD5F}.Debug|x64.Build.0 = Debug|Any CPU
		{A39BF13F-D92F-4F07-8DA0-718D50FCCD5F}.Debug|x86.ActiveCfg = Debug|Any CPU
		{A39BF13F-D92F-4F07-8DA0-718D50FCCD5F}.Debug|x86.Build.0 = Debug|Any CPU
		{A39BF13F-D92F-4F07-8DA0-718D50FCCD5F}.Release|Any CPU.ActiveCfg = Release|Any CPU
		{A39BF13F-D92F-4F07-8DA0-718D50FCCD5F}.Release|Any CPU.Build.0 = Release|Any CPU
		{A39BF13F-D92F-4F07-8DA0-718D50FCCD5F}.Release|ARM.ActiveCfg = Release|Any CPU
		{A39BF13F-D92F-4F07-8DA0-718D50FCCD5F}.Release|ARM.Build.0 = Release|Any CPU
		{A39BF13F-D92F-4F07-8DA0-718D50FCCD5F}.Release|x64.ActiveCfg = Release|Any CPU
		{A39BF13F-D92F-4F07-8DA0-718D50FCCD5F}.Release|x64.Build.0 = Release|Any CPU
		{A39BF13F-D92F-4F07-8DA0-718D50FCCD5F}.Release|x86.ActiveCfg = Release|Any CPU
		{A39BF13F-D92F-4F07-8DA0-718D50FCCD5F}.Release|x86.Build.0 = Release|Any CPU
	EndGlobalSection
	GlobalSection(SolutionProperties) = preSolution
		HideSolutionNode = FALSE
	EndGlobalSection
	GlobalSection(NestedProjects) = preSolution
		{27A501B0-9B90-4CA4-A5E3-EC4939720B71} = {1B4BCDF9-3DF9-4BAF-B842-567A9BE08B93}
		{B65717F4-24DE-4892-AF81-629D29A2A772} = {1B4BCDF9-3DF9-4BAF-B842-567A9BE08B93}
		{8EC92B96-918F-49A5-A78F-FAE373DA796F} = {2579FBE4-4010-4B3B-B4FA-4C968F6C2B15}
		{A39BF13F-D92F-4F07-8DA0-718D50FCCD5F} = {1B4BCDF9-3DF9-4BAF-B842-567A9BE08B93}
	EndGlobalSection
	GlobalSection(ExtensibilityGlobals) = postSolution
		SolutionGuid = {99404620-F968-4BA7-9DC1-E19045BBD1F6}
	EndGlobalSection
EndGlobal
