
Microsoft Visual Studio Solution File, Format Version 12.00
# Visual Studio 15
VisualStudioVersion = 15.0.28010.2003
MinimumVisualStudioVersion = 10.0.40219.1
Project("{FAE04EC0-301F-11D3-BF4B-00C04F79EFBC}") = "TimePunch-MVVM", "TimePunch-MVVM\TimePunch-MVVM.csproj", "{27A501B0-9B90-4CA4-A5E3-EC4939720B71}"
EndProject
Global
	GlobalSection(SolutionConfigurationPlatforms) = preSolution
		Debug|Any CPU = Debug|Any CPU
		Release|Any CPU = Release|Any CPU
	EndGlobalSection
	GlobalSection(ProjectConfigurationPlatforms) = postSolution
		{27A501B0-9B90-4CA4-A5E3-EC4939720B71}.Debug|Any CPU.ActiveCfg = Debug|Any CPU
		{27A501B0-9B90-4CA4-A5E3-EC4939720B71}.Debug|Any CPU.Build.0 = Debug|Any CPU
		{27A501B0-9B90-4CA4-A5E3-EC4939720B71}.Release|Any CPU.ActiveCfg = Release|Any CPU
		{27A501B0-9B90-4CA4-A5E3-EC4939720B71}.Release|Any CPU.Build.0 = Release|Any CPU
	EndGlobalSection
	GlobalSection(SolutionProperties) = preSolution
		HideSolutionNode = FALSE
	EndGlobalSection
	GlobalSection(ExtensibilityGlobals) = postSolution
		SolutionGuid = {99404620-F968-4BA7-9DC1-E19045BBD1F6}
	EndGlobalSection
EndGlobal
